// !$*UTF8*$!
{
	archiveVersion = 1;
	classes = {
	};
	objectVersion = 50;
	objects = {

/* Begin PBXBuildFile section */
		F66EE64A2533AC5500911F61 /* AppDelegate.swift in Sources */ = {isa = PBXBuildFile; fileRef = F66EE6492533AC5500911F61 /* AppDelegate.swift */; };
		F66EE64C2533AC5500911F61 /* SceneDelegate.swift in Sources */ = {isa = PBXBuildFile; fileRef = F66EE64B2533AC5500911F61 /* SceneDelegate.swift */; };
		F66EE64E2533AC5500911F61 /* EmblemViewController.swift in Sources */ = {isa = PBXBuildFile; fileRef = F66EE64D2533AC5500911F61 /* EmblemViewController.swift */; };
		F66EE6512533AC5500911F61 /* Main.storyboard in Resources */ = {isa = PBXBuildFile; fileRef = F66EE64F2533AC5500911F61 /* Main.storyboard */; };
		F66EE6532533AC5800911F61 /* Assets.xcassets in Resources */ = {isa = PBXBuildFile; fileRef = F66EE6522533AC5800911F61 /* Assets.xcassets */; };
		F66EE6562533AC5800911F61 /* LaunchScreen.storyboard in Resources */ = {isa = PBXBuildFile; fileRef = F66EE6542533AC5800911F61 /* LaunchScreen.storyboard */; };
		F66EE67C2533B1E800911F61 /* EmblemViewControllerTests.swift in Sources */ = {isa = PBXBuildFile; fileRef = F66EE67B2533B1E800911F61 /* EmblemViewControllerTests.swift */; };
		F680761A25AA7CCE000DDBFD /* EmblemFileMapperTests.swift in Sources */ = {isa = PBXBuildFile; fileRef = F680761925AA7CCE000DDBFD /* EmblemFileMapperTests.swift */; };
		F6B4F12425BCA4CB0047FBAF /* Settings.swift in Sources */ = {isa = PBXBuildFile; fileRef = F6B4F12325BCA4CB0047FBAF /* Settings.swift */; };
		F6B839A825B3645A0040DF6E /* EmblemMapper.swift in Sources */ = {isa = PBXBuildFile; fileRef = F6B839A725B3645A0040DF6E /* EmblemMapper.swift */; };
		F6F5252925C5EC3D0090FFEA /* EmblemDateCalculator.framework in Frameworks */ = {isa = PBXBuildFile; fileRef = F6F5252825C5EC3D0090FFEA /* EmblemDateCalculator.framework */; };
		F6F5252A25C5EC3D0090FFEA /* EmblemDateCalculator.framework in Embed Frameworks */ = {isa = PBXBuildFile; fileRef = F6F5252825C5EC3D0090FFEA /* EmblemDateCalculator.framework */; settings = {ATTRIBUTES = (CodeSignOnCopy, RemoveHeadersOnCopy, ); }; };
/* End PBXBuildFile section */

/* Begin PBXContainerItemProxy section */
		F66EE67E2533B1E800911F61 /* PBXContainerItemProxy */ = {
			isa = PBXContainerItemProxy;
			containerPortal = F66EE63E2533AC5500911F61 /* Project object */;
			proxyType = 1;
			remoteGlobalIDString = F66EE6452533AC5500911F61;
			remoteInfo = EmblemApp;
		};
		F680761C25AA7CCE000DDBFD /* PBXContainerItemProxy */ = {
			isa = PBXContainerItemProxy;
			containerPortal = F66EE63E2533AC5500911F61 /* Project object */;
			proxyType = 1;
			remoteGlobalIDString = F66EE6452533AC5500911F61;
			remoteInfo = EmblemApp;
		};
/* End PBXContainerItemProxy section */

/* Begin PBXCopyFilesBuildPhase section */
		F6F5252B25C5EC3D0090FFEA /* Embed Frameworks */ = {
			isa = PBXCopyFilesBuildPhase;
			buildActionMask = 2147483647;
			dstPath = "";
			dstSubfolderSpec = 10;
			files = (
				F6F5252A25C5EC3D0090FFEA /* EmblemDateCalculator.framework in Embed Frameworks */,
			);
			name = "Embed Frameworks";
			runOnlyForDeploymentPostprocessing = 0;
		};
/* End PBXCopyFilesBuildPhase section */

/* Begin PBXFileReference section */
		F66EE6462533AC5500911F61 /* EmblemApp.app */ = {isa = PBXFileReference; explicitFileType = wrapper.application; includeInIndex = 0; path = EmblemApp.app; sourceTree = BUILT_PRODUCTS_DIR; };
		F66EE6492533AC5500911F61 /* AppDelegate.swift */ = {isa = PBXFileReference; lastKnownFileType = sourcecode.swift; path = AppDelegate.swift; sourceTree = "<group>"; };
		F66EE64B2533AC5500911F61 /* SceneDelegate.swift */ = {isa = PBXFileReference; lastKnownFileType = sourcecode.swift; path = SceneDelegate.swift; sourceTree = "<group>"; };
		F66EE64D2533AC5500911F61 /* EmblemViewController.swift */ = {isa = PBXFileReference; lastKnownFileType = sourcecode.swift; path = EmblemViewController.swift; sourceTree = "<group>"; };
		F66EE6502533AC5500911F61 /* Base */ = {isa = PBXFileReference; lastKnownFileType = file.storyboard; name = Base; path = Base.lproj/Main.storyboard; sourceTree = "<group>"; };
		F66EE6522533AC5800911F61 /* Assets.xcassets */ = {isa = PBXFileReference; lastKnownFileType = folder.assetcatalog; path = Assets.xcassets; sourceTree = "<group>"; };
		F66EE6552533AC5800911F61 /* Base */ = {isa = PBXFileReference; lastKnownFileType = file.storyboard; name = Base; path = Base.lproj/LaunchScreen.storyboard; sourceTree = "<group>"; };
		F66EE6572533AC5800911F61 /* Info.plist */ = {isa = PBXFileReference; lastKnownFileType = text.plist.xml; path = Info.plist; sourceTree = "<group>"; };
		F66EE6792533B1E800911F61 /* ViewControllerTests.xctest */ = {isa = PBXFileReference; explicitFileType = wrapper.cfbundle; includeInIndex = 0; path = ViewControllerTests.xctest; sourceTree = BUILT_PRODUCTS_DIR; };
		F66EE67B2533B1E800911F61 /* EmblemViewControllerTests.swift */ = {isa = PBXFileReference; lastKnownFileType = sourcecode.swift; path = EmblemViewControllerTests.swift; sourceTree = "<group>"; };
		F66EE67D2533B1E800911F61 /* Info.plist */ = {isa = PBXFileReference; lastKnownFileType = text.plist.xml; path = Info.plist; sourceTree = "<group>"; };
		F680761725AA7CCE000DDBFD /* EmblemFileMapperTests.xctest */ = {isa = PBXFileReference; explicitFileType = wrapper.cfbundle; includeInIndex = 0; path = EmblemFileMapperTests.xctest; sourceTree = BUILT_PRODUCTS_DIR; };
		F680761925AA7CCE000DDBFD /* EmblemFileMapperTests.swift */ = {isa = PBXFileReference; lastKnownFileType = sourcecode.swift; path = EmblemFileMapperTests.swift; sourceTree = "<group>"; };
		F680761B25AA7CCE000DDBFD /* Info.plist */ = {isa = PBXFileReference; lastKnownFileType = text.plist.xml; path = Info.plist; sourceTree = "<group>"; };
		F6B4F12325BCA4CB0047FBAF /* Settings.swift */ = {isa = PBXFileReference; lastKnownFileType = sourcecode.swift; path = Settings.swift; sourceTree = "<group>"; };
		F6B839A725B3645A0040DF6E /* EmblemMapper.swift */ = {isa = PBXFileReference; lastKnownFileType = sourcecode.swift; path = EmblemMapper.swift; sourceTree = "<group>"; };
		F6F5252825C5EC3D0090FFEA /* EmblemDateCalculator.framework */ = {isa = PBXFileReference; explicitFileType = wrapper.framework; path = EmblemDateCalculator.framework; sourceTree = BUILT_PRODUCTS_DIR; };
/* End PBXFileReference section */

/* Begin PBXFrameworksBuildPhase section */
		F66EE6432533AC5500911F61 /* Frameworks */ = {
			isa = PBXFrameworksBuildPhase;
			buildActionMask = 2147483647;
			files = (
				F6F5252925C5EC3D0090FFEA /* EmblemDateCalculator.framework in Frameworks */,
			);
			runOnlyForDeploymentPostprocessing = 0;
		};
		F66EE6762533B1E800911F61 /* Frameworks */ = {
			isa = PBXFrameworksBuildPhase;
			buildActionMask = 2147483647;
			files = (
			);
			runOnlyForDeploymentPostprocessing = 0;
		};
		F680761425AA7CCE000DDBFD /* Frameworks */ = {
			isa = PBXFrameworksBuildPhase;
			buildActionMask = 2147483647;
			files = (
			);
			runOnlyForDeploymentPostprocessing = 0;
		};
/* End PBXFrameworksBuildPhase section */

/* Begin PBXGroup section */
		F66EE63D2533AC5500911F61 = {
			isa = PBXGroup;
			children = (
				F66EE6482533AC5500911F61 /* EmblemApp */,
				F66EE67A2533B1E800911F61 /* ViewControllerTests */,
				F680761825AA7CCE000DDBFD /* EmblemFileMapperTests */,
				F66EE6472533AC5500911F61 /* Products */,
				F6F5252725C5EC3D0090FFEA /* Frameworks */,
			);
			sourceTree = "<group>";
		};
		F66EE6472533AC5500911F61 /* Products */ = {
			isa = PBXGroup;
			children = (
				F66EE6462533AC5500911F61 /* EmblemApp.app */,
				F66EE6792533B1E800911F61 /* ViewControllerTests.xctest */,
				F680761725AA7CCE000DDBFD /* EmblemFileMapperTests.xctest */,
			);
			name = Products;
			sourceTree = "<group>";
		};
		F66EE6482533AC5500911F61 /* EmblemApp */ = {
			isa = PBXGroup;
			children = (
				F6B4F12225BCA4BA0047FBAF /* Protcols */,
				F66EE6492533AC5500911F61 /* AppDelegate.swift */,
				F66EE64B2533AC5500911F61 /* SceneDelegate.swift */,
				F66EE64D2533AC5500911F61 /* EmblemViewController.swift */,
				F66EE64F2533AC5500911F61 /* Main.storyboard */,
				F66EE6522533AC5800911F61 /* Assets.xcassets */,
				F66EE6542533AC5800911F61 /* LaunchScreen.storyboard */,
				F66EE6572533AC5800911F61 /* Info.plist */,
				F6B839A725B3645A0040DF6E /* EmblemMapper.swift */,
			);
			path = EmblemApp;
			sourceTree = "<group>";
		};
		F66EE67A2533B1E800911F61 /* ViewControllerTests */ = {
			isa = PBXGroup;
			children = (
				F66EE67B2533B1E800911F61 /* EmblemViewControllerTests.swift */,
				F66EE67D2533B1E800911F61 /* Info.plist */,
			);
			path = ViewControllerTests;
			sourceTree = "<group>";
		};
		F680761825AA7CCE000DDBFD /* EmblemFileMapperTests */ = {
			isa = PBXGroup;
			children = (
				F680761925AA7CCE000DDBFD /* EmblemFileMapperTests.swift */,
				F680761B25AA7CCE000DDBFD /* Info.plist */,
			);
			path = EmblemFileMapperTests;
			sourceTree = "<group>";
		};
		F6B4F12225BCA4BA0047FBAF /* Protcols */ = {
			isa = PBXGroup;
			children = (
				F6B4F12325BCA4CB0047FBAF /* Settings.swift */,
			);
			path = Protcols;
			sourceTree = "<group>";
		};
		F6F5252725C5EC3D0090FFEA /* Frameworks */ = {
			isa = PBXGroup;
			children = (
				F6F5252825C5EC3D0090FFEA /* EmblemDateCalculator.framework */,
			);
			name = Frameworks;
			sourceTree = "<group>";
		};
/* End PBXGroup section */

/* Begin PBXNativeTarget section */
		F66EE6452533AC5500911F61 /* EmblemApp */ = {
			isa = PBXNativeTarget;
			buildConfigurationList = F66EE65A2533AC5800911F61 /* Build configuration list for PBXNativeTarget "EmblemApp" */;
			buildPhases = (
				F66EE6422533AC5500911F61 /* Sources */,
				F66EE6432533AC5500911F61 /* Frameworks */,
				F66EE6442533AC5500911F61 /* Resources */,
				F6F5252B25C5EC3D0090FFEA /* Embed Frameworks */,
			);
			buildRules = (
			);
			dependencies = (
			);
			name = EmblemApp;
			productName = EmblemApp;
			productReference = F66EE6462533AC5500911F61 /* EmblemApp.app */;
			productType = "com.apple.product-type.application";
		};
		F66EE6782533B1E800911F61 /* ViewControllerTests */ = {
			isa = PBXNativeTarget;
			buildConfigurationList = F66EE6822533B1E800911F61 /* Build configuration list for PBXNativeTarget "ViewControllerTests" */;
			buildPhases = (
				F66EE6752533B1E800911F61 /* Sources */,
				F66EE6762533B1E800911F61 /* Frameworks */,
				F66EE6772533B1E800911F61 /* Resources */,
			);
			buildRules = (
			);
			dependencies = (
				F66EE67F2533B1E800911F61 /* PBXTargetDependency */,
			);
			name = ViewControllerTests;
			productName = ViewControllerTests;
			productReference = F66EE6792533B1E800911F61 /* ViewControllerTests.xctest */;
			productType = "com.apple.product-type.bundle.unit-test";
		};
		F680761625AA7CCE000DDBFD /* EmblemFileMapperTests */ = {
			isa = PBXNativeTarget;
			buildConfigurationList = F680762025AA7CCE000DDBFD /* Build configuration list for PBXNativeTarget "EmblemFileMapperTests" */;
			buildPhases = (
				F680761325AA7CCE000DDBFD /* Sources */,
				F680761425AA7CCE000DDBFD /* Frameworks */,
				F680761525AA7CCE000DDBFD /* Resources */,
			);
			buildRules = (
			);
			dependencies = (
				F680761D25AA7CCE000DDBFD /* PBXTargetDependency */,
			);
			name = EmblemFileMapperTests;
			productName = EmblemFileMapperTests;
			productReference = F680761725AA7CCE000DDBFD /* EmblemFileMapperTests.xctest */;
			productType = "com.apple.product-type.bundle.unit-test";
		};
/* End PBXNativeTarget section */

/* Begin PBXProject section */
		F66EE63E2533AC5500911F61 /* Project object */ = {
			isa = PBXProject;
			attributes = {
				LastSwiftUpdateCheck = 1230;
				LastUpgradeCheck = 1200;
				TargetAttributes = {
					F66EE6452533AC5500911F61 = {
						CreatedOnToolsVersion = 12.0;
					};
					F66EE6782533B1E800911F61 = {
						CreatedOnToolsVersion = 12.0;
						TestTargetID = F66EE6452533AC5500911F61;
					};
					F680761625AA7CCE000DDBFD = {
						CreatedOnToolsVersion = 12.3;
						TestTargetID = F66EE6452533AC5500911F61;
					};
				};
			};
			buildConfigurationList = F66EE6412533AC5500911F61 /* Build configuration list for PBXProject "EmblemApp" */;
			compatibilityVersion = "Xcode 9.3";
			developmentRegion = en;
			hasScannedForEncodings = 0;
			knownRegions = (
				en,
				Base,
			);
			mainGroup = F66EE63D2533AC5500911F61;
			productRefGroup = F66EE6472533AC5500911F61 /* Products */;
			projectDirPath = "";
			projectRoot = "";
			targets = (
				F66EE6452533AC5500911F61 /* EmblemApp */,
				F66EE6782533B1E800911F61 /* ViewControllerTests */,
				F680761625AA7CCE000DDBFD /* EmblemFileMapperTests */,
			);
		};
/* End PBXProject section */

/* Begin PBXResourcesBuildPhase section */
		F66EE6442533AC5500911F61 /* Resources */ = {
			isa = PBXResourcesBuildPhase;
			buildActionMask = 2147483647;
			files = (
				F66EE6562533AC5800911F61 /* LaunchScreen.storyboard in Resources */,
				F66EE6532533AC5800911F61 /* Assets.xcassets in Resources */,
				F66EE6512533AC5500911F61 /* Main.storyboard in Resources */,
			);
			runOnlyForDeploymentPostprocessing = 0;
		};
		F66EE6772533B1E800911F61 /* Resources */ = {
			isa = PBXResourcesBuildPhase;
			buildActionMask = 2147483647;
			files = (
			);
			runOnlyForDeploymentPostprocessing = 0;
		};
		F680761525AA7CCE000DDBFD /* Resources */ = {
			isa = PBXResourcesBuildPhase;
			buildActionMask = 2147483647;
			files = (
			);
			runOnlyForDeploymentPostprocessing = 0;
		};
/* End PBXResourcesBuildPhase section */

/* Begin PBXSourcesBuildPhase section */
		F66EE6422533AC5500911F61 /* Sources */ = {
			isa = PBXSourcesBuildPhase;
			buildActionMask = 2147483647;
			files = (
				F6B4F12425BCA4CB0047FBAF /* Settings.swift in Sources */,
				F66EE64E2533AC5500911F61 /* EmblemViewController.swift in Sources */,
				F66EE64A2533AC5500911F61 /* AppDelegate.swift in Sources */,
				F6B839A825B3645A0040DF6E /* EmblemMapper.swift in Sources */,
				F66EE64C2533AC5500911F61 /* SceneDelegate.swift in Sources */,
			);
			runOnlyForDeploymentPostprocessing = 0;
		};
		F66EE6752533B1E800911F61 /* Sources */ = {
			isa = PBXSourcesBuildPhase;
			buildActionMask = 2147483647;
			files = (
				F66EE67C2533B1E800911F61 /* EmblemViewControllerTests.swift in Sources */,
			);
			runOnlyForDeploymentPostprocessing = 0;
		};
		F680761325AA7CCE000DDBFD /* Sources */ = {
			isa = PBXSourcesBuildPhase;
			buildActionMask = 2147483647;
			files = (
				F680761A25AA7CCE000DDBFD /* EmblemFileMapperTests.swift in Sources */,
			);
			runOnlyForDeploymentPostprocessing = 0;
		};
/* End PBXSourcesBuildPhase section */

/* Begin PBXTargetDependency section */
		F66EE67F2533B1E800911F61 /* PBXTargetDependency */ = {
			isa = PBXTargetDependency;
			target = F66EE6452533AC5500911F61 /* EmblemApp */;
			targetProxy = F66EE67E2533B1E800911F61 /* PBXContainerItemProxy */;
		};
		F680761D25AA7CCE000DDBFD /* PBXTargetDependency */ = {
			isa = PBXTargetDependency;
			target = F66EE6452533AC5500911F61 /* EmblemApp */;
			targetProxy = F680761C25AA7CCE000DDBFD /* PBXContainerItemProxy */;
		};
/* End PBXTargetDependency section */

/* Begin PBXVariantGroup section */
		F66EE64F2533AC5500911F61 /* Main.storyboard */ = {
			isa = PBXVariantGroup;
			children = (
				F66EE6502533AC5500911F61 /* Base */,
			);
			name = Main.storyboard;
			sourceTree = "<group>";
		};
		F66EE6542533AC5800911F61 /* LaunchScreen.storyboard */ = {
			isa = PBXVariantGroup;
			children = (
				F66EE6552533AC5800911F61 /* Base */,
			);
			name = LaunchScreen.storyboard;
			sourceTree = "<group>";
		};
/* End PBXVariantGroup section */

/* Begin XCBuildConfiguration section */
		F66EE6582533AC5800911F61 /* Debug */ = {
			isa = XCBuildConfiguration;
			buildSettings = {
				ALWAYS_SEARCH_USER_PATHS = NO;
				CLANG_ANALYZER_NONNULL = YES;
				CLANG_ANALYZER_NUMBER_OBJECT_CONVERSION = YES_AGGRESSIVE;
				CLANG_CXX_LANGUAGE_STANDARD = "gnu++14";
				CLANG_CXX_LIBRARY = "libc++";
				CLANG_ENABLE_MODULES = YES;
				CLANG_ENABLE_OBJC_ARC = YES;
				CLANG_ENABLE_OBJC_WEAK = YES;
				CLANG_WARN_BLOCK_CAPTURE_AUTORELEASING = YES;
				CLANG_WARN_BOOL_CONVERSION = YES;
				CLANG_WARN_COMMA = YES;
				CLANG_WARN_CONSTANT_CONVERSION = YES;
				CLANG_WARN_DEPRECATED_OBJC_IMPLEMENTATIONS = YES;
				CLANG_WARN_DIRECT_OBJC_ISA_USAGE = YES_ERROR;
				CLANG_WARN_DOCUMENTATION_COMMENTS = YES;
				CLANG_WARN_EMPTY_BODY = YES;
				CLANG_WARN_ENUM_CONVERSION = YES;
				CLANG_WARN_INFINITE_RECURSION = YES;
				CLANG_WARN_INT_CONVERSION = YES;
				CLANG_WARN_NON_LITERAL_NULL_CONVERSION = YES;
				CLANG_WARN_OBJC_IMPLICIT_RETAIN_SELF = YES;
				CLANG_WARN_OBJC_LITERAL_CONVERSION = YES;
				CLANG_WARN_OBJC_ROOT_CLASS = YES_ERROR;
				CLANG_WARN_QUOTED_INCLUDE_IN_FRAMEWORK_HEADER = YES;
				CLANG_WARN_RANGE_LOOP_ANALYSIS = YES;
				CLANG_WARN_STRICT_PROTOTYPES = YES;
				CLANG_WARN_SUSPICIOUS_MOVE = YES;
				CLANG_WARN_UNGUARDED_AVAILABILITY = YES_AGGRESSIVE;
				CLANG_WARN_UNREACHABLE_CODE = YES;
				CLANG_WARN__DUPLICATE_METHOD_MATCH = YES;
				COPY_PHASE_STRIP = NO;
				DEBUG_INFORMATION_FORMAT = dwarf;
				ENABLE_STRICT_OBJC_MSGSEND = YES;
				ENABLE_TESTABILITY = YES;
				GCC_C_LANGUAGE_STANDARD = gnu11;
				GCC_DYNAMIC_NO_PIC = NO;
				GCC_NO_COMMON_BLOCKS = YES;
				GCC_OPTIMIZATION_LEVEL = 0;
				GCC_PREPROCESSOR_DEFINITIONS = (
					"DEBUG=1",
					"$(inherited)",
				);
				GCC_WARN_64_TO_32_BIT_CONVERSION = YES;
				GCC_WARN_ABOUT_RETURN_TYPE = YES_ERROR;
				GCC_WARN_UNDECLARED_SELECTOR = YES;
				GCC_WARN_UNINITIALIZED_AUTOS = YES_AGGRESSIVE;
				GCC_WARN_UNUSED_FUNCTION = YES;
				GCC_WARN_UNUSED_VARIABLE = YES;
				IPHONEOS_DEPLOYMENT_TARGET = 14.0;
				MTL_ENABLE_DEBUG_INFO = INCLUDE_SOURCE;
				MTL_FAST_MATH = YES;
				ONLY_ACTIVE_ARCH = YES;
				SDKROOT = iphoneos;
				SWIFT_ACTIVE_COMPILATION_CONDITIONS = DEBUG;
				SWIFT_OPTIMIZATION_LEVEL = "-Onone";
			};
			name = Debug;
		};
		F66EE6592533AC5800911F61 /* Release */ = {
			isa = XCBuildConfiguration;
			buildSettings = {
				ALWAYS_SEARCH_USER_PATHS = NO;
				CLANG_ANALYZER_NONNULL = YES;
				CLANG_ANALYZER_NUMBER_OBJECT_CONVERSION = YES_AGGRESSIVE;
				CLANG_CXX_LANGUAGE_STANDARD = "gnu++14";
				CLANG_CXX_LIBRARY = "libc++";
				CLANG_ENABLE_MODULES = YES;
				CLANG_ENABLE_OBJC_ARC = YES;
				CLANG_ENABLE_OBJC_WEAK = YES;
				CLANG_WARN_BLOCK_CAPTURE_AUTORELEASING = YES;
				CLANG_WARN_BOOL_CONVERSION = YES;
				CLANG_WARN_COMMA = YES;
				CLANG_WARN_CONSTANT_CONVERSION = YES;
				CLANG_WARN_DEPRECATED_OBJC_IMPLEMENTATIONS = YES;
				CLANG_WARN_DIRECT_OBJC_ISA_USAGE = YES_ERROR;
				CLANG_WARN_DOCUMENTATION_COMMENTS = YES;
				CLANG_WARN_EMPTY_BODY = YES;
				CLANG_WARN_ENUM_CONVERSION = YES;
				CLANG_WARN_INFINITE_RECURSION = YES;
				CLANG_WARN_INT_CONVERSION = YES;
				CLANG_WARN_NON_LITERAL_NULL_CONVERSION = YES;
				CLANG_WARN_OBJC_IMPLICIT_RETAIN_SELF = YES;
				CLANG_WARN_OBJC_LITERAL_CONVERSION = YES;
				CLANG_WARN_OBJC_ROOT_CLASS = YES_ERROR;
				CLANG_WARN_QUOTED_INCLUDE_IN_FRAMEWORK_HEADER = YES;
				CLANG_WARN_RANGE_LOOP_ANALYSIS = YES;
				CLANG_WARN_STRICT_PROTOTYPES = YES;
				CLANG_WARN_SUSPICIOUS_MOVE = YES;
				CLANG_WARN_UNGUARDED_AVAILABILITY = YES_AGGRESSIVE;
				CLANG_WARN_UNREACHABLE_CODE = YES;
				CLANG_WARN__DUPLICATE_METHOD_MATCH = YES;
				COPY_PHASE_STRIP = NO;
				DEBUG_INFORMATION_FORMAT = "dwarf-with-dsym";
				ENABLE_NS_ASSERTIONS = NO;
				ENABLE_STRICT_OBJC_MSGSEND = YES;
				GCC_C_LANGUAGE_STANDARD = gnu11;
				GCC_NO_COMMON_BLOCKS = YES;
				GCC_WARN_64_TO_32_BIT_CONVERSION = YES;
				GCC_WARN_ABOUT_RETURN_TYPE = YES_ERROR;
				GCC_WARN_UNDECLARED_SELECTOR = YES;
				GCC_WARN_UNINITIALIZED_AUTOS = YES_AGGRESSIVE;
				GCC_WARN_UNUSED_FUNCTION = YES;
				GCC_WARN_UNUSED_VARIABLE = YES;
				IPHONEOS_DEPLOYMENT_TARGET = 14.0;
				MTL_ENABLE_DEBUG_INFO = NO;
				MTL_FAST_MATH = YES;
				SDKROOT = iphoneos;
				SWIFT_COMPILATION_MODE = wholemodule;
				SWIFT_OPTIMIZATION_LEVEL = "-O";
				VALIDATE_PRODUCT = YES;
			};
			name = Release;
		};
		F66EE65B2533AC5800911F61 /* Debug */ = {
			isa = XCBuildConfiguration;
			buildSettings = {
				ASSETCATALOG_COMPILER_APPICON_NAME = AppIcon;
				ASSETCATALOG_COMPILER_GLOBAL_ACCENT_COLOR_NAME = AccentColor;
				CODE_SIGN_STYLE = Automatic;
				DEVELOPMENT_TEAM = AMLYNCKP6M;
				INFOPLIST_FILE = EmblemApp/Info.plist;
				LD_RUNPATH_SEARCH_PATHS = (
					"$(inherited)",
					"@executable_path/Frameworks",
				);
				PRODUCT_BUNDLE_IDENTIFIER = com.petitcoding.EmblemApp;
				PRODUCT_NAME = "$(TARGET_NAME)";
				SWIFT_VERSION = 5.0;
				TARGETED_DEVICE_FAMILY = "1,2";
			};
			name = Debug;
		};
		F66EE65C2533AC5800911F61 /* Release */ = {
			isa = XCBuildConfiguration;
			buildSettings = {
				ASSETCATALOG_COMPILER_APPICON_NAME = AppIcon;
				ASSETCATALOG_COMPILER_GLOBAL_ACCENT_COLOR_NAME = AccentColor;
				CODE_SIGN_STYLE = Automatic;
				DEVELOPMENT_TEAM = AMLYNCKP6M;
				INFOPLIST_FILE = EmblemApp/Info.plist;
				LD_RUNPATH_SEARCH_PATHS = (
					"$(inherited)",
					"@executable_path/Frameworks",
				);
				PRODUCT_BUNDLE_IDENTIFIER = com.petitcoding.EmblemApp;
				PRODUCT_NAME = "$(TARGET_NAME)";
				SWIFT_VERSION = 5.0;
				TARGETED_DEVICE_FAMILY = "1,2";
			};
			name = Release;
		};
		F66EE6802533B1E800911F61 /* Debug */ = {
			isa = XCBuildConfiguration;
			buildSettings = {
				BUNDLE_LOADER = "$(TEST_HOST)";
				CODE_SIGN_STYLE = Automatic;
				DEVELOPMENT_TEAM = AMLYNCKP6M;
				INFOPLIST_FILE = ViewControllerTests/Info.plist;
				LD_RUNPATH_SEARCH_PATHS = (
					"$(inherited)",
					"@executable_path/Frameworks",
					"@loader_path/Frameworks",
				);
				PRODUCT_BUNDLE_IDENTIFIER = com.petitcoding.ViewControllerTests;
				PRODUCT_NAME = "$(TARGET_NAME)";
				SWIFT_VERSION = 5.0;
				TARGETED_DEVICE_FAMILY = "1,2";
				TEST_HOST = "$(BUILT_PRODUCTS_DIR)/EmblemApp.app/EmblemApp";
			};
			name = Debug;
		};
		F66EE6812533B1E800911F61 /* Release */ = {
			isa = XCBuildConfiguration;
			buildSettings = {
				BUNDLE_LOADER = "$(TEST_HOST)";
				CODE_SIGN_STYLE = Automatic;
				DEVELOPMENT_TEAM = AMLYNCKP6M;
				INFOPLIST_FILE = ViewControllerTests/Info.plist;
				LD_RUNPATH_SEARCH_PATHS = (
					"$(inherited)",
					"@executable_path/Frameworks",
					"@loader_path/Frameworks",
				);
				PRODUCT_BUNDLE_IDENTIFIER = com.petitcoding.ViewControllerTests;
				PRODUCT_NAME = "$(TARGET_NAME)";
				SWIFT_VERSION = 5.0;
				TARGETED_DEVICE_FAMILY = "1,2";
				TEST_HOST = "$(BUILT_PRODUCTS_DIR)/EmblemApp.app/EmblemApp";
			};
			name = Release;
		};
		F680761E25AA7CCE000DDBFD /* Debug */ = {
			isa = XCBuildConfiguration;
			buildSettings = {
				BUNDLE_LOADER = "$(TEST_HOST)";
				CODE_SIGN_STYLE = Automatic;
				DEVELOPMENT_TEAM = AMLYNCKP6M;
				INFOPLIST_FILE = EmblemFileMapperTests/Info.plist;
				IPHONEOS_DEPLOYMENT_TARGET = 14.3;
				LD_RUNPATH_SEARCH_PATHS = (
					"$(inherited)",
					"@executable_path/Frameworks",
					"@loader_path/Frameworks",
				);
				PRODUCT_BUNDLE_IDENTIFIER = com.petitcoding.EmblemFileMapperTests;
				PRODUCT_NAME = "$(TARGET_NAME)";
				SWIFT_VERSION = 5.0;
				TARGETED_DEVICE_FAMILY = "1,2";
				TEST_HOST = "$(BUILT_PRODUCTS_DIR)/EmblemApp.app/EmblemApp";
			};
			name = Debug;
		};
		F680761F25AA7CCE000DDBFD /* Release */ = {
			isa = XCBuildConfiguration;
			buildSettings = {
				BUNDLE_LOADER = "$(TEST_HOST)";
				CODE_SIGN_STYLE = Automatic;
				DEVELOPMENT_TEAM = AMLYNCKP6M;
				INFOPLIST_FILE = EmblemFileMapperTests/Info.plist;
				IPHONEOS_DEPLOYMENT_TARGET = 14.3;
				LD_RUNPATH_SEARCH_PATHS = (
					"$(inherited)",
					"@executable_path/Frameworks",
					"@loader_path/Frameworks",
				);
				PRODUCT_BUNDLE_IDENTIFIER = com.petitcoding.EmblemFileMapperTests;
				PRODUCT_NAME = "$(TARGET_NAME)";
				SWIFT_VERSION = 5.0;
				TARGETED_DEVICE_FAMILY = "1,2";
				TEST_HOST = "$(BUILT_PRODUCTS_DIR)/EmblemApp.app/EmblemApp";
			};
			name = Release;
		};
/* End XCBuildConfiguration section */

/* Begin XCConfigurationList section */
		F66EE6412533AC5500911F61 /* Build configuration list for PBXProject "EmblemApp" */ = {
			isa = XCConfigurationList;
			buildConfigurations = (
				F66EE6582533AC5800911F61 /* Debug */,
				F66EE6592533AC5800911F61 /* Release */,
			);
			defaultConfigurationIsVisible = 0;
			defaultConfigurationName = Release;
		};
		F66EE65A2533AC5800911F61 /* Build configuration list for PBXNativeTarget "EmblemApp" */ = {
			isa = XCConfigurationList;
			buildConfigurations = (
				F66EE65B2533AC5800911F61 /* Debug */,
				F66EE65C2533AC5800911F61 /* Release */,
			);
			defaultConfigurationIsVisible = 0;
			defaultConfigurationName = Release;
		};
		F66EE6822533B1E800911F61 /* Build configuration list for PBXNativeTarget "ViewControllerTests" */ = {
			isa = XCConfigurationList;
			buildConfigurations = (
				F66EE6802533B1E800911F61 /* Debug */,
				F66EE6812533B1E800911F61 /* Release */,
			);
			defaultConfigurationIsVisible = 0;
			defaultConfigurationName = Release;
		};
		F680762025AA7CCE000DDBFD /* Build configuration list for PBXNativeTarget "EmblemFileMapperTests" */ = {
			isa = XCConfigurationList;
			buildConfigurations = (
				F680761E25AA7CCE000DDBFD /* Debug */,
				F680761F25AA7CCE000DDBFD /* Release */,
			);
			defaultConfigurationIsVisible = 0;
			defaultConfigurationName = Release;
		};
/* End XCConfigurationList section */
	};
	rootObject = F66EE63E2533AC5500911F61 /* Project object */;
}
